
Microsoft Visual Studio Solution File, Format Version 12.00
# Visual Studio Version 17
VisualStudioVersion = 17.1.32407.343
MinimumVisualStudioVersion = 10.0.40219.1
Project("{FAE04EC0-301F-11D3-BF4B-00C04F79EFBC}") = "DesignPattern_BuilderExample", "DesignPattern_BuilderExample\DesignPattern_BuilderExample.csproj", "{287A4250-DE29-47AF-A695-6B76816C3839}"
EndProject
Global
	GlobalSection(SolutionConfigurationPlatforms) = preSolution
		Debug|Any CPU = Debug|Any CPU
		Release|Any CPU = Release|Any CPU
	EndGlobalSection
	GlobalSection(ProjectConfigurationPlatforms) = postSolution
		{287A4250-DE29-47AF-A695-6B76816C3839}.Debug|Any CPU.ActiveCfg = Debug|Any CPU
		{287A4250-DE29-47AF-A695-6B76816C3839}.Debug|Any CPU.Build.0 = Debug|Any CPU
		{287A4250-DE29-47AF-A695-6B76816C3839}.Release|Any CPU.ActiveCfg = Release|Any CPU
		{287A4250-DE29-47AF-A695-6B76816C3839}.Release|Any CPU.Build.0 = Release|Any CPU
	EndGlobalSection
	GlobalSection(SolutionProperties) = preSolution
		HideSolutionNode = FALSE
	EndGlobalSection
	GlobalSection(ExtensibilityGlobals) = postSolution
		SolutionGuid = {0D752565-FCDC-4CC7-B8CB-217164C85C97}
	EndGlobalSection
EndGlobal
